
Microsoft Visual Studio Solution File, Format Version 12.00
Project("{FAE04EC0-301F-11D3-BF4B-00C04F79EFBC}") = "CRM.Host", "CRM.Host\CRM.Host.csproj", "{98F0281F-5BCD-400E-A444-B6CAF0FDE6BC}"
EndProject
Project("{2150E333-8FDC-42A3-9474-1A3956D46DE8}") = "BackEnd", "BackEnd", "{CEDFB21C-DF8D-427F-B084-34C148E46AEB}"
	ProjectSection(SolutionItems) = preProject
		docker-compose.yml = docker-compose.yml
	EndProjectSection
EndProject
Project("{FAE04EC0-301F-11D3-BF4B-00C04F79EFBC}") = "CRM.Admin", "CRM.Admin\CRM.Admin.csproj", "{33F802D2-4B2B-498C-8C5C-5EB9F4052AA8}"
EndProject
Project("{2150E333-8FDC-42A3-9474-1A3956D46DE8}") = "FrontEnd", "FrontEnd", "{49739571-0B03-4CCC-9704-6D9D41CB823E}"
EndProject
Project("{2150E333-8FDC-42A3-9474-1A3956D46DE8}") = "Core", "Core", "{FDE17483-9EDF-4ECF-A020-5B2A94FAF898}"
EndProject
Project("{2150E333-8FDC-42A3-9474-1A3956D46DE8}") = "Domain", "Domain", "{8E9A8032-7324-457A-832A-21E64E73B975}"
EndProject
Project("{2150E333-8FDC-42A3-9474-1A3956D46DE8}") = "Application", "Application", "{DF531E6F-3846-4383-94A7-07084ED310C4}"
EndProject
Project("{2150E333-8FDC-42A3-9474-1A3956D46DE8}") = "WebApi", "WebApi", "{2A682388-797F-4D98-96FF-1AB6FCF954C2}"
EndProject
Project("{FAE04EC0-301F-11D3-BF4B-00C04F79EFBC}") = "CRM.Core", "CRM.Core\CRM.Core.csproj", "{C9662A77-4448-47DD-A176-9333F5FDB6C0}"
EndProject
Project("{FAE04EC0-301F-11D3-BF4B-00C04F79EFBC}") = "CRM.DataAccess", "CRM.DataAccess\CRM.DataAccess.csproj", "{23DD4EE8-A6EF-4BA9-9337-93D9DA4987C2}"
EndProject
Project("{FAE04EC0-301F-11D3-BF4B-00C04F79EFBC}") = "CRM.Domain", "CRM.Domain\CRM.Domain.csproj", "{207585DE-6A6A-4489-AA95-8F57054EA25A}"
EndProject
Project("{FAE04EC0-301F-11D3-BF4B-00C04F79EFBC}") = "CRM.Handlers", "CRM.Handlers\CRM.Handlers.csproj", "{3072E631-889F-421F-9EAF-186537DAA975}"
EndProject
Project("{FAE04EC0-301F-11D3-BF4B-00C04F79EFBC}") = "CRM.WebApi", "CRM.WebApi\CRM.WebApi.csproj", "{C9F905F8-D0E8-495C-8A70-CA11CF27551F}"
EndProject
Global
	GlobalSection(SolutionConfigurationPlatforms) = preSolution
		Debug|Any CPU = Debug|Any CPU
		Release|Any CPU = Release|Any CPU
	EndGlobalSection
	GlobalSection(ProjectConfigurationPlatforms) = postSolution
		{98F0281F-5BCD-400E-A444-B6CAF0FDE6BC}.Debug|Any CPU.ActiveCfg = Debug|Any CPU
		{98F0281F-5BCD-400E-A444-B6CAF0FDE6BC}.Debug|Any CPU.Build.0 = Debug|Any CPU
		{98F0281F-5BCD-400E-A444-B6CAF0FDE6BC}.Release|Any CPU.ActiveCfg = Release|Any CPU
		{98F0281F-5BCD-400E-A444-B6CAF0FDE6BC}.Release|Any CPU.Build.0 = Release|Any CPU
		{33F802D2-4B2B-498C-8C5C-5EB9F4052AA8}.Debug|Any CPU.ActiveCfg = Debug|Any CPU
		{33F802D2-4B2B-498C-8C5C-5EB9F4052AA8}.Debug|Any CPU.Build.0 = Debug|Any CPU
		{33F802D2-4B2B-498C-8C5C-5EB9F4052AA8}.Release|Any CPU.ActiveCfg = Release|Any CPU
		{33F802D2-4B2B-498C-8C5C-5EB9F4052AA8}.Release|Any CPU.Build.0 = Release|Any CPU
		{C9662A77-4448-47DD-A176-9333F5FDB6C0}.Debug|Any CPU.ActiveCfg = Debug|Any CPU
		{C9662A77-4448-47DD-A176-9333F5FDB6C0}.Debug|Any CPU.Build.0 = Debug|Any CPU
		{C9662A77-4448-47DD-A176-9333F5FDB6C0}.Release|Any CPU.ActiveCfg = Release|Any CPU
		{C9662A77-4448-47DD-A176-9333F5FDB6C0}.Release|Any CPU.Build.0 = Release|Any CPU
		{23DD4EE8-A6EF-4BA9-9337-93D9DA4987C2}.Debug|Any CPU.ActiveCfg = Debug|Any CPU
		{23DD4EE8-A6EF-4BA9-9337-93D9DA4987C2}.Debug|Any CPU.Build.0 = Debug|Any CPU
		{23DD4EE8-A6EF-4BA9-9337-93D9DA4987C2}.Release|Any CPU.ActiveCfg = Release|Any CPU
		{23DD4EE8-A6EF-4BA9-9337-93D9DA4987C2}.Release|Any CPU.Build.0 = Release|Any CPU
		{207585DE-6A6A-4489-AA95-8F57054EA25A}.Debug|Any CPU.ActiveCfg = Debug|Any CPU
		{207585DE-6A6A-4489-AA95-8F57054EA25A}.Debug|Any CPU.Build.0 = Debug|Any CPU
		{207585DE-6A6A-4489-AA95-8F57054EA25A}.Release|Any CPU.ActiveCfg = Release|Any CPU
		{207585DE-6A6A-4489-AA95-8F57054EA25A}.Release|Any CPU.Build.0 = Release|Any CPU
		{3072E631-889F-421F-9EAF-186537DAA975}.Debug|Any CPU.ActiveCfg = Debug|Any CPU
		{3072E631-889F-421F-9EAF-186537DAA975}.Debug|Any CPU.Build.0 = Debug|Any CPU
		{3072E631-889F-421F-9EAF-186537DAA975}.Release|Any CPU.ActiveCfg = Release|Any CPU
		{3072E631-889F-421F-9EAF-186537DAA975}.Release|Any CPU.Build.0 = Release|Any CPU
		{C9F905F8-D0E8-495C-8A70-CA11CF27551F}.Debug|Any CPU.ActiveCfg = Debug|Any CPU
		{C9F905F8-D0E8-495C-8A70-CA11CF27551F}.Debug|Any CPU.Build.0 = Debug|Any CPU
		{C9F905F8-D0E8-495C-8A70-CA11CF27551F}.Release|Any CPU.ActiveCfg = Release|Any CPU
		{C9F905F8-D0E8-495C-8A70-CA11CF27551F}.Release|Any CPU.Build.0 = Release|Any CPU
	EndGlobalSection
	GlobalSection(NestedProjects) = preSolution
		{98F0281F-5BCD-400E-A444-B6CAF0FDE6BC} = {CEDFB21C-DF8D-427F-B084-34C148E46AEB}
		{33F802D2-4B2B-498C-8C5C-5EB9F4052AA8} = {49739571-0B03-4CCC-9704-6D9D41CB823E}
		{FDE17483-9EDF-4ECF-A020-5B2A94FAF898} = {CEDFB21C-DF8D-427F-B084-34C148E46AEB}
		{8E9A8032-7324-457A-832A-21E64E73B975} = {CEDFB21C-DF8D-427F-B084-34C148E46AEB}
		{DF531E6F-3846-4383-94A7-07084ED310C4} = {CEDFB21C-DF8D-427F-B084-34C148E46AEB}
		{2A682388-797F-4D98-96FF-1AB6FCF954C2} = {CEDFB21C-DF8D-427F-B084-34C148E46AEB}
		{C9662A77-4448-47DD-A176-9333F5FDB6C0} = {FDE17483-9EDF-4ECF-A020-5B2A94FAF898}
		{23DD4EE8-A6EF-4BA9-9337-93D9DA4987C2} = {FDE17483-9EDF-4ECF-A020-5B2A94FAF898}
		{207585DE-6A6A-4489-AA95-8F57054EA25A} = {8E9A8032-7324-457A-832A-21E64E73B975}
		{3072E631-889F-421F-9EAF-186537DAA975} = {DF531E6F-3846-4383-94A7-07084ED310C4}
		{C9F905F8-D0E8-495C-8A70-CA11CF27551F} = {2A682388-797F-4D98-96FF-1AB6FCF954C2}
	EndGlobalSection
EndGlobal
